
Microsoft Visual Studio Solution File, Format Version 12.00
# Visual Studio 15
VisualStudioVersion = 15.0.28307.136
MinimumVisualStudioVersion = 10.0.40219.1
Project("{FAE04EC0-301F-11D3-BF4B-00C04F79EFBC}") = "Project1", "Project1\Project1.csproj", "{189C8691-D85F-4386-B5B5-D5910CD40D20}"
EndProject
Project("{FAE04EC0-301F-11D3-BF4B-00C04F79EFBC}") = "Project2", "Project2\Project2.csproj", "{5F00F80A-A7F3-4C20-B901-DB73A269ED17}"
EndProject
Project("{FAE04EC0-301F-11D3-BF4B-00C04F79EFBC}") = "Project3", "Project3\Project3.csproj", "{60D2B12A-C44D-4543-BBEA-48F9C8E8F04E}"
EndProject
Global
	GlobalSection(SolutionConfigurationPlatforms) = preSolution
		Debug|Any CPU = Debug|Any CPU
		Release|Any CPU = Release|Any CPU
	EndGlobalSection
	GlobalSection(ProjectConfigurationPlatforms) = postSolution
		{189C8691-D85F-4386-B5B5-D5910CD40D20}.Debug|Any CPU.ActiveCfg = Debug|Any CPU
		{189C8691-D85F-4386-B5B5-D5910CD40D20}.Debug|Any CPU.Build.0 = Debug|Any CPU
		{189C8691-D85F-4386-B5B5-D5910CD40D20}.Release|Any CPU.ActiveCfg = Release|Any CPU
		{189C8691-D85F-4386-B5B5-D5910CD40D20}.Release|Any CPU.Build.0 = Release|Any CPU
		{5F00F80A-A7F3-4C20-B901-DB73A269ED17}.Debug|Any CPU.ActiveCfg = Debug|Any CPU
		{5F00F80A-A7F3-4C20-B901-DB73A269ED17}.Debug|Any CPU.Build.0 = Debug|Any CPU
		{5F00F80A-A7F3-4C20-B901-DB73A269ED17}.Release|Any CPU.ActiveCfg = Release|Any CPU
		{5F00F80A-A7F3-4C20-B901-DB73A269ED17}.Release|Any CPU.Build.0 = Release|Any CPU
		{60D2B12A-C44D-4543-BBEA-48F9C8E8F04E}.Debug|Any CPU.ActiveCfg = Debug|Any CPU
		{60D2B12A-C44D-4543-BBEA-48F9C8E8F04E}.Debug|Any CPU.Build.0 = Debug|Any CPU
		{60D2B12A-C44D-4543-BBEA-48F9C8E8F04E}.Release|Any CPU.ActiveCfg = Release|Any CPU
		{60D2B12A-C44D-4543-BBEA-48F9C8E8F04E}.Release|Any CPU.Build.0 = Release|Any CPU
	EndGlobalSection
	GlobalSection(SolutionProperties) = preSolution
		HideSolutionNode = FALSE
	EndGlobalSection
	GlobalSection(ExtensibilityGlobals) = postSolution
		SolutionGuid = {81B67BE3-2120-46F4-9782-A163CB0CCA28}
	EndGlobalSection
EndGlobal
